
Microsoft Visual Studio Solution File, Format Version 12.00
# Visual Studio 2012
Project("{FAE04EC0-301F-11D3-BF4B-00C04F79EFBC}") = "XamarinTest", "XamarinTest\XamarinTest.csproj", "{A8A947ED-6988-4185-800A-07F3B986D916}"
EndProject
Project("{FAE04EC0-301F-11D3-BF4B-00C04F79EFBC}") = "XamarinTest.Droid", "Droid\XamarinTest.Droid.csproj", "{D8A4356E-EFC7-4C23-A51F-E3B5358DAEB3}"
EndProject
Project("{FAE04EC0-301F-11D3-BF4B-00C04F79EFBC}") = "XamarinTest.iOS", "iOS\XamarinTest.iOS.csproj", "{658A967C-32B4-4E8A-A954-A4489608A272}"
EndProject
Global
	GlobalSection(SolutionConfigurationPlatforms) = preSolution
		Debug|Any CPU = Debug|Any CPU
		Release|Any CPU = Release|Any CPU
		Debug|iPhoneSimulator = Debug|iPhoneSimulator
		Release|iPhone = Release|iPhone
		Release|iPhoneSimulator = Release|iPhoneSimulator
		Debug|iPhone = Debug|iPhone
	EndGlobalSection
	GlobalSection(ProjectConfigurationPlatforms) = postSolution
		{A8A947ED-6988-4185-800A-07F3B986D916}.Debug|Any CPU.ActiveCfg = Debug|Any CPU
		{A8A947ED-6988-4185-800A-07F3B986D916}.Debug|Any CPU.Build.0 = Debug|Any CPU
		{A8A947ED-6988-4185-800A-07F3B986D916}.Release|Any CPU.ActiveCfg = Release|Any CPU
		{A8A947ED-6988-4185-800A-07F3B986D916}.Release|Any CPU.Build.0 = Release|Any CPU
		{A8A947ED-6988-4185-800A-07F3B986D916}.Debug|iPhoneSimulator.ActiveCfg = Debug|Any CPU
		{A8A947ED-6988-4185-800A-07F3B986D916}.Debug|iPhoneSimulator.Build.0 = Debug|Any CPU
		{A8A947ED-6988-4185-800A-07F3B986D916}.Release|iPhone.ActiveCfg = Release|Any CPU
		{A8A947ED-6988-4185-800A-07F3B986D916}.Release|iPhone.Build.0 = Release|Any CPU
		{A8A947ED-6988-4185-800A-07F3B986D916}.Release|iPhoneSimulator.ActiveCfg = Release|Any CPU
		{A8A947ED-6988-4185-800A-07F3B986D916}.Release|iPhoneSimulator.Build.0 = Release|Any CPU
		{A8A947ED-6988-4185-800A-07F3B986D916}.Debug|iPhone.ActiveCfg = Debug|Any CPU
		{A8A947ED-6988-4185-800A-07F3B986D916}.Debug|iPhone.Build.0 = Debug|Any CPU
		{D8A4356E-EFC7-4C23-A51F-E3B5358DAEB3}.Debug|Any CPU.ActiveCfg = Debug|Any CPU
		{D8A4356E-EFC7-4C23-A51F-E3B5358DAEB3}.Debug|Any CPU.Build.0 = Debug|Any CPU
		{D8A4356E-EFC7-4C23-A51F-E3B5358DAEB3}.Release|Any CPU.ActiveCfg = Release|Any CPU
		{D8A4356E-EFC7-4C23-A51F-E3B5358DAEB3}.Release|Any CPU.Build.0 = Release|Any CPU
		{D8A4356E-EFC7-4C23-A51F-E3B5358DAEB3}.Debug|iPhoneSimulator.ActiveCfg = Debug|Any CPU
		{D8A4356E-EFC7-4C23-A51F-E3B5358DAEB3}.Debug|iPhoneSimulator.Build.0 = Debug|Any CPU
		{D8A4356E-EFC7-4C23-A51F-E3B5358DAEB3}.Release|iPhone.ActiveCfg = Release|Any CPU
		{D8A4356E-EFC7-4C23-A51F-E3B5358DAEB3}.Release|iPhone.Build.0 = Release|Any CPU
		{D8A4356E-EFC7-4C23-A51F-E3B5358DAEB3}.Release|iPhoneSimulator.ActiveCfg = Release|Any CPU
		{D8A4356E-EFC7-4C23-A51F-E3B5358DAEB3}.Release|iPhoneSimulator.Build.0 = Release|Any CPU
		{D8A4356E-EFC7-4C23-A51F-E3B5358DAEB3}.Debug|iPhone.ActiveCfg = Debug|Any CPU
		{D8A4356E-EFC7-4C23-A51F-E3B5358DAEB3}.Debug|iPhone.Build.0 = Debug|Any CPU
		{658A967C-32B4-4E8A-A954-A4489608A272}.Debug|Any CPU.ActiveCfg = Debug|iPhoneSimulator
		{658A967C-32B4-4E8A-A954-A4489608A272}.Debug|Any CPU.Build.0 = Debug|iPhoneSimulator
		{658A967C-32B4-4E8A-A954-A4489608A272}.Release|Any CPU.ActiveCfg = Release|iPhone
		{658A967C-32B4-4E8A-A954-A4489608A272}.Release|Any CPU.Build.0 = Release|iPhone
		{658A967C-32B4-4E8A-A954-A4489608A272}.Debug|iPhoneSimulator.ActiveCfg = Debug|iPhoneSimulator
		{658A967C-32B4-4E8A-A954-A4489608A272}.Debug|iPhoneSimulator.Build.0 = Debug|iPhoneSimulator
		{658A967C-32B4-4E8A-A954-A4489608A272}.Release|iPhone.ActiveCfg = Release|iPhone
		{658A967C-32B4-4E8A-A954-A4489608A272}.Release|iPhone.Build.0 = Release|iPhone
		{658A967C-32B4-4E8A-A954-A4489608A272}.Release|iPhoneSimulator.ActiveCfg = Release|iPhoneSimulator
		{658A967C-32B4-4E8A-A954-A4489608A272}.Release|iPhoneSimulator.Build.0 = Release|iPhoneSimulator
		{658A967C-32B4-4E8A-A954-A4489608A272}.Debug|iPhone.ActiveCfg = Debug|iPhone
		{658A967C-32B4-4E8A-A954-A4489608A272}.Debug|iPhone.Build.0 = Debug|iPhone
	EndGlobalSection
EndGlobal
